
Microsoft Visual Studio Solution File, Format Version 12.00
# Visual Studio Version 17
VisualStudioVersion = 17.0.31903.59
MinimumVisualStudioVersion = 10.0.40219.1
Project("{2150E333-8FDC-42A3-9474-1A3956D46DE8}") = "src", "src", "{35775787-6EC4-4726-9F58-3792B275A870}"
EndProject
Project("{FAE04EC0-301F-11D3-BF4B-00C04F79EFBC}") = "AuctionService", "src\AuctionService\AuctionService.csproj", "{8D687B94-C395-449F-87BF-2BB5F5341E03}"
EndProject
Project("{FAE04EC0-301F-11D3-BF4B-00C04F79EFBC}") = "SearchService", "src\SearchService\SearchService.csproj", "{F296E0D4-26E9-4E7B-A5F8-E84A731EE9DF}"
EndProject
Project("{FAE04EC0-301F-11D3-BF4B-00C04F79EFBC}") = "Contracts", "src\Contracts\Contracts.csproj", "{407019CB-838A-412A-ADFD-2DA658DDD2BD}"
EndProject
Project("{FAE04EC0-301F-11D3-BF4B-00C04F79EFBC}") = "IdentityService", "src\IdentityService\IdentityService.csproj", "{CE51A308-3B6E-45B7-9450-D8C1F6B1D690}"
EndProject
Project("{FAE04EC0-301F-11D3-BF4B-00C04F79EFBC}") = "GatewayService", "src\GatewayService\GatewayService.csproj", "{021A7604-2D56-4C09-BA9C-E5E5747817BC}"
EndProject
Global
	GlobalSection(SolutionConfigurationPlatforms) = preSolution
		Debug|Any CPU = Debug|Any CPU
		Release|Any CPU = Release|Any CPU
	EndGlobalSection
	GlobalSection(SolutionProperties) = preSolution
		HideSolutionNode = FALSE
	EndGlobalSection
	GlobalSection(ProjectConfigurationPlatforms) = postSolution
		{8D687B94-C395-449F-87BF-2BB5F5341E03}.Debug|Any CPU.ActiveCfg = Debug|Any CPU
		{8D687B94-C395-449F-87BF-2BB5F5341E03}.Debug|Any CPU.Build.0 = Debug|Any CPU
		{8D687B94-C395-449F-87BF-2BB5F5341E03}.Release|Any CPU.ActiveCfg = Release|Any CPU
		{8D687B94-C395-449F-87BF-2BB5F5341E03}.Release|Any CPU.Build.0 = Release|Any CPU
		{F296E0D4-26E9-4E7B-A5F8-E84A731EE9DF}.Debug|Any CPU.ActiveCfg = Debug|Any CPU
		{F296E0D4-26E9-4E7B-A5F8-E84A731EE9DF}.Debug|Any CPU.Build.0 = Debug|Any CPU
		{F296E0D4-26E9-4E7B-A5F8-E84A731EE9DF}.Release|Any CPU.ActiveCfg = Release|Any CPU
		{F296E0D4-26E9-4E7B-A5F8-E84A731EE9DF}.Release|Any CPU.Build.0 = Release|Any CPU
		{407019CB-838A-412A-ADFD-2DA658DDD2BD}.Debug|Any CPU.ActiveCfg = Debug|Any CPU
		{407019CB-838A-412A-ADFD-2DA658DDD2BD}.Debug|Any CPU.Build.0 = Debug|Any CPU
		{407019CB-838A-412A-ADFD-2DA658DDD2BD}.Release|Any CPU.ActiveCfg = Release|Any CPU
		{407019CB-838A-412A-ADFD-2DA658DDD2BD}.Release|Any CPU.Build.0 = Release|Any CPU
		{CE51A308-3B6E-45B7-9450-D8C1F6B1D690}.Debug|Any CPU.ActiveCfg = Debug|Any CPU
		{CE51A308-3B6E-45B7-9450-D8C1F6B1D690}.Debug|Any CPU.Build.0 = Debug|Any CPU
		{CE51A308-3B6E-45B7-9450-D8C1F6B1D690}.Release|Any CPU.ActiveCfg = Release|Any CPU
		{CE51A308-3B6E-45B7-9450-D8C1F6B1D690}.Release|Any CPU.Build.0 = Release|Any CPU
		{021A7604-2D56-4C09-BA9C-E5E5747817BC}.Debug|Any CPU.ActiveCfg = Debug|Any CPU
		{021A7604-2D56-4C09-BA9C-E5E5747817BC}.Debug|Any CPU.Build.0 = Debug|Any CPU
		{021A7604-2D56-4C09-BA9C-E5E5747817BC}.Release|Any CPU.ActiveCfg = Release|Any CPU
		{021A7604-2D56-4C09-BA9C-E5E5747817BC}.Release|Any CPU.Build.0 = Release|Any CPU
	EndGlobalSection
	GlobalSection(NestedProjects) = preSolution
		{8D687B94-C395-449F-87BF-2BB5F5341E03} = {35775787-6EC4-4726-9F58-3792B275A870}
		{F296E0D4-26E9-4E7B-A5F8-E84A731EE9DF} = {35775787-6EC4-4726-9F58-3792B275A870}
		{407019CB-838A-412A-ADFD-2DA658DDD2BD} = {35775787-6EC4-4726-9F58-3792B275A870}
		{CE51A308-3B6E-45B7-9450-D8C1F6B1D690} = {35775787-6EC4-4726-9F58-3792B275A870}
		{021A7604-2D56-4C09-BA9C-E5E5747817BC} = {35775787-6EC4-4726-9F58-3792B275A870}
	EndGlobalSection
EndGlobal
